
Microsoft Visual Studio Solution File, Format Version 12.00
# Visual Studio Version 17
VisualStudioVersion = 17.5.002.0
MinimumVisualStudioVersion = 10.0.40219.1
Project("{9A19103F-16F7-4668-BE54-9A1E7A4F7556}") = "longest-palindrome", "longest-palindrome.csproj", "{D16FE56E-4E24-4C4F-A696-8D9C1773A292}"
EndProject
Global
	GlobalSection(SolutionConfigurationPlatforms) = preSolution
		Debug|Any CPU = Debug|Any CPU
		Release|Any CPU = Release|Any CPU
	EndGlobalSection
	GlobalSection(ProjectConfigurationPlatforms) = postSolution
		{D16FE56E-4E24-4C4F-A696-8D9C1773A292}.Debug|Any CPU.ActiveCfg = Debug|Any CPU
		{D16FE56E-4E24-4C4F-A696-8D9C1773A292}.Debug|Any CPU.Build.0 = Debug|Any CPU
		{D16FE56E-4E24-4C4F-A696-8D9C1773A292}.Release|Any CPU.ActiveCfg = Release|Any CPU
		{D16FE56E-4E24-4C4F-A696-8D9C1773A292}.Release|Any CPU.Build.0 = Release|Any CPU
	EndGlobalSection
	GlobalSection(SolutionProperties) = preSolution
		HideSolutionNode = FALSE
	EndGlobalSection
	GlobalSection(ExtensibilityGlobals) = postSolution
		SolutionGuid = {17944D83-26F2-4BA2-9D7D-C132AA160BDF}
	EndGlobalSection
EndGlobal
